
Microsoft Visual Studio Solution File, Format Version 12.00
# Visual Studio Version 17
VisualStudioVersion = 17.5.002.0
MinimumVisualStudioVersion = 10.0.40219.1
Project("{9A19103F-16F7-4668-BE54-9A1E7A4F7556}") = "cse210-05-demo", "cse210-05-demo.csproj", "{F4C9A64D-0B2B-4CA6-9C3D-053571C3AC71}"
EndProject
Global
	GlobalSection(SolutionConfigurationPlatforms) = preSolution
		Debug|Any CPU = Debug|Any CPU
		Release|Any CPU = Release|Any CPU
	EndGlobalSection
	GlobalSection(ProjectConfigurationPlatforms) = postSolution
		{F4C9A64D-0B2B-4CA6-9C3D-053571C3AC71}.Debug|Any CPU.ActiveCfg = Debug|Any CPU
		{F4C9A64D-0B2B-4CA6-9C3D-053571C3AC71}.Debug|Any CPU.Build.0 = Debug|Any CPU
		{F4C9A64D-0B2B-4CA6-9C3D-053571C3AC71}.Release|Any CPU.ActiveCfg = Release|Any CPU
		{F4C9A64D-0B2B-4CA6-9C3D-053571C3AC71}.Release|Any CPU.Build.0 = Release|Any CPU
	EndGlobalSection
	GlobalSection(SolutionProperties) = preSolution
		HideSolutionNode = FALSE
	EndGlobalSection
	GlobalSection(ExtensibilityGlobals) = postSolution
		SolutionGuid = {B7418D61-1D00-447D-B3E6-DD11C3421429}
	EndGlobalSection
EndGlobal
